// !$*UTF8*$!
{
	archiveVersion = 1;
	classes = {
	};
	objectVersion = 56;
	objects = {

/* Begin PBXBuildFile section */
		1B921F08294F33780071A042 /* 1.Bleed.json in Resources */ = {isa = PBXBuildFile; fileRef = 1B921F07294F33780071A042 /* 1.Bleed.json */; };
		1B921F0A294F337E0071A042 /* 2.APU.json in Resources */ = {isa = PBXBuildFile; fileRef = 1B921F09294F337E0071A042 /* 2.APU.json */; };
		1BCCEF822930E30400A7FA86 /* AppDelegate.swift in Sources */ = {isa = PBXBuildFile; fileRef = 1BCCEF812930E30400A7FA86 /* AppDelegate.swift */; };
		1BCCEF842930E30400A7FA86 /* SceneDelegate.swift in Sources */ = {isa = PBXBuildFile; fileRef = 1BCCEF832930E30400A7FA86 /* SceneDelegate.swift */; };
		1BCCEF892930E30400A7FA86 /* Main.storyboard in Resources */ = {isa = PBXBuildFile; fileRef = 1BCCEF872930E30400A7FA86 /* Main.storyboard */; };
		1BCCEF8C2930E30400A7FA86 /* skyPER.xcdatamodeld in Sources */ = {isa = PBXBuildFile; fileRef = 1BCCEF8A2930E30400A7FA86 /* skyPER.xcdatamodeld */; };
		1BCCEF8E2930E30600A7FA86 /* Assets.xcassets in Resources */ = {isa = PBXBuildFile; fileRef = 1BCCEF8D2930E30600A7FA86 /* Assets.xcassets */; };
		1BCCEF912930E30600A7FA86 /* LaunchScreen.storyboard in Resources */ = {isa = PBXBuildFile; fileRef = 1BCCEF8F2930E30600A7FA86 /* LaunchScreen.storyboard */; };
		1BCCEF9C2930E30600A7FA86 /* skyPERTests.swift in Sources */ = {isa = PBXBuildFile; fileRef = 1BCCEF9B2930E30600A7FA86 /* skyPERTests.swift */; };
		1BCCEFA62930E30600A7FA86 /* skyPERUITests.swift in Sources */ = {isa = PBXBuildFile; fileRef = 1BCCEFA52930E30600A7FA86 /* skyPERUITests.swift */; };
		1BCCEFA82930E30600A7FA86 /* skyPERUITestsLaunchTests.swift in Sources */ = {isa = PBXBuildFile; fileRef = 1BCCEFA72930E30600A7FA86 /* skyPERUITestsLaunchTests.swift */; };
		1BCCEFB72933D69B00A7FA86 /* NomoModel.swift in Sources */ = {isa = PBXBuildFile; fileRef = 1BCCEFB62933D69B00A7FA86 /* NomoModel.swift */; };
		1BCCEFBB2933DB6700A7FA86 /* NomoReader.swift in Sources */ = {isa = PBXBuildFile; fileRef = 1BCCEFBA2933DB6700A7FA86 /* NomoReader.swift */; };
		1BCCEFBD2934D90900A7FA86 /* 3.Elevation.json in Resources */ = {isa = PBXBuildFile; fileRef = 1BCCEFBC2934D90900A7FA86 /* 3.Elevation.json */; };
		1E4B047E299D6F4F00054B8B /* 627-1_v625.json in Resources */ = {isa = PBXBuildFile; fileRef = 1E4B047D299D6F4F00054B8B /* 627-1_v625.json */; };
		1E4B0484299D72F800054B8B /* 628-1_v625.json in Resources */ = {isa = PBXBuildFile; fileRef = 1E4B0483299D72F800054B8B /* 628-1_v625.json */; };
		1E4B0489299D768D00054B8B /* 628a-1_v625.json in Resources */ = {isa = PBXBuildFile; fileRef = 1E4B0488299D768D00054B8B /* 628a-1_v625.json */; };
		1E4B0493299F5C7700054B8B /* 630-1_converted.json in Resources */ = {isa = PBXBuildFile; fileRef = 1E4B0492299F5C7700054B8B /* 630-1_converted.json */; };
		1E4B049729A0A8A100054B8B /* 630-2_converted.json in Resources */ = {isa = PBXBuildFile; fileRef = 1E4B049629A0A8A100054B8B /* 630-2_converted.json */; };
		1E4B049B29A0B0CA00054B8B /* 630-3_converted.json in Resources */ = {isa = PBXBuildFile; fileRef = 1E4B049A29A0B0CA00054B8B /* 630-3_converted.json */; };
		1E4B049D29A205A300054B8B /* apu_on_627_v625.json in Resources */ = {isa = PBXBuildFile; fileRef = 1E4B049C29A205A300054B8B /* apu_on_627_v625.json */; };
		1E4B04AB29A3F5AA00054B8B /* 627-3_v625.json in Resources */ = {isa = PBXBuildFile; fileRef = 1E4B04AA29A3F5AA00054B8B /* 627-3_v625.json */; };
		1E4B04AD29A3F73700054B8B /* Sheet627.swift in Sources */ = {isa = PBXBuildFile; fileRef = 1E4B04AC29A3F73700054B8B /* Sheet627.swift */; };
		1E4B04B129A53C1C00054B8B /* 627a-3_v625.json in Resources */ = {isa = PBXBuildFile; fileRef = 1E4B04B029A53C1B00054B8B /* 627a-3_v625.json */; };
		1E4B04B329A53C8500054B8B /* Sheet627a.swift in Sources */ = {isa = PBXBuildFile; fileRef = 1E4B04B229A53C8500054B8B /* Sheet627a.swift */; };
		1E4B04B529A53E0700054B8B /* apu_on_628_v625.json in Resources */ = {isa = PBXBuildFile; fileRef = 1E4B04B429A53E0700054B8B /* apu_on_628_v625.json */; };
		1E4B04B729A53FD600054B8B /* 628-3_v625.json in Resources */ = {isa = PBXBuildFile; fileRef = 1E4B04B629A53FD600054B8B /* 628-3_v625.json */; };
		1E4B04B929A541F200054B8B /* Sheet628.swift in Sources */ = {isa = PBXBuildFile; fileRef = 1E4B04B829A541F200054B8B /* Sheet628.swift */; };
		1E4B04BD29A63B6800054B8B /* 628a-3_v625.json in Resources */ = {isa = PBXBuildFile; fileRef = 1E4B04BC29A63B6800054B8B /* 628a-3_v625.json */; };
		1E4B04BF29A63E4800054B8B /* apu_on_628a_v625.json in Resources */ = {isa = PBXBuildFile; fileRef = 1E4B04BE29A63E4800054B8B /* apu_on_628a_v625.json */; };
		1E4B04C129A64D2000054B8B /* Sheet628a.swift in Sources */ = {isa = PBXBuildFile; fileRef = 1E4B04C029A64D2000054B8B /* Sheet628a.swift */; };
		1E4B04C329A73F2A00054B8B /* Sheet629.swift in Sources */ = {isa = PBXBuildFile; fileRef = 1E4B04C229A73F2A00054B8B /* Sheet629.swift */; };
		1E4B04C729A74CF300054B8B /* 629-1_v625.json in Resources */ = {isa = PBXBuildFile; fileRef = 1E4B04C629A74CF300054B8B /* 629-1_v625.json */; };
		1E4B04CB29A753D700054B8B /* 629-3_v625.json in Resources */ = {isa = PBXBuildFile; fileRef = 1E4B04CA29A753D700054B8B /* 629-3_v625.json */; };
		1EA84EF329524F25000D2530 /* ViewController.swift in Sources */ = {isa = PBXBuildFile; fileRef = 1EA84EF229524F25000D2530 /* ViewController.swift */; };
		1EA84F02296B3BED000D2530 /* Errors.swift in Sources */ = {isa = PBXBuildFile; fileRef = 1EA84F01296B3BED000D2530 /* Errors.swift */; };
		1EA84F04296B3C1B000D2530 /* Contracts.swift in Sources */ = {isa = PBXBuildFile; fileRef = 1EA84F03296B3C1B000D2530 /* Contracts.swift */; };
		1EA84F06296B3C41000D2530 /* Types.swift in Sources */ = {isa = PBXBuildFile; fileRef = 1EA84F05296B3C41000D2530 /* Types.swift */; };
		1EA84F08296B3C6D000D2530 /* PolyNomogramPart.swift in Sources */ = {isa = PBXBuildFile; fileRef = 1EA84F07296B3C6D000D2530 /* PolyNomogramPart.swift */; };
		1EA84F0A296B3C98000D2530 /* SubractNomogramPart.swift in Sources */ = {isa = PBXBuildFile; fileRef = 1EA84F09296B3C98000D2530 /* SubractNomogramPart.swift */; };
		1EA84F0C2979DD13000D2530 /* apu_on_627a_v625.json in Resources */ = {isa = PBXBuildFile; fileRef = 1EA84F0B2979DD13000D2530 /* apu_on_627a_v625.json */; };
		1EA84F0E2979E51E000D2530 /* ShiftedLinePart.swift in Sources */ = {isa = PBXBuildFile; fileRef = 1EA84F0D2979E51E000D2530 /* ShiftedLinePart.swift */; };
		1EA84F10297B139B000D2530 /* Interpolator.swift in Sources */ = {isa = PBXBuildFile; fileRef = 1EA84F0F297B139B000D2530 /* Interpolator.swift */; };
		1EA84F5F299ADBCB000D2530 /* 627a-1_v625.json in Resources */ = {isa = PBXBuildFile; fileRef = 1EA84F5E299AD9B1000D2530 /* 627a-1_v625.json */; };
/* End PBXBuildFile section */

/* Begin PBXContainerItemProxy section */
		1BCCEF982930E30600A7FA86 /* PBXContainerItemProxy */ = {
			isa = PBXContainerItemProxy;
			containerPortal = 1BCCEF762930E30400A7FA86 /* Project object */;
			proxyType = 1;
			remoteGlobalIDString = 1BCCEF7D2930E30400A7FA86;
			remoteInfo = skyPER;
		};
		1BCCEFA22930E30600A7FA86 /* PBXContainerItemProxy */ = {
			isa = PBXContainerItemProxy;
			containerPortal = 1BCCEF762930E30400A7FA86 /* Project object */;
			proxyType = 1;
			remoteGlobalIDString = 1BCCEF7D2930E30400A7FA86;
			remoteInfo = skyPER;
		};
/* End PBXContainerItemProxy section */

/* Begin PBXFileReference section */
		1B921F07294F33780071A042 /* 1.Bleed.json */ = {isa = PBXFileReference; fileEncoding = 4; lastKnownFileType = text.json; path = 1.Bleed.json; sourceTree = "<group>"; };
		1B921F09294F337E0071A042 /* 2.APU.json */ = {isa = PBXFileReference; fileEncoding = 4; lastKnownFileType = text.json; path = 2.APU.json; sourceTree = "<group>"; };
		1BCCEF7E2930E30400A7FA86 /* skyPER.app */ = {isa = PBXFileReference; explicitFileType = wrapper.application; includeInIndex = 0; path = skyPER.app; sourceTree = BUILT_PRODUCTS_DIR; };
		1BCCEF812930E30400A7FA86 /* AppDelegate.swift */ = {isa = PBXFileReference; lastKnownFileType = sourcecode.swift; path = AppDelegate.swift; sourceTree = "<group>"; };
		1BCCEF832930E30400A7FA86 /* SceneDelegate.swift */ = {isa = PBXFileReference; lastKnownFileType = sourcecode.swift; path = SceneDelegate.swift; sourceTree = "<group>"; };
		1BCCEF882930E30400A7FA86 /* Base */ = {isa = PBXFileReference; lastKnownFileType = file.storyboard; name = Base; path = Base.lproj/Main.storyboard; sourceTree = "<group>"; };
		1BCCEF8B2930E30400A7FA86 /* skyPER.xcdatamodel */ = {isa = PBXFileReference; lastKnownFileType = wrapper.xcdatamodel; path = skyPER.xcdatamodel; sourceTree = "<group>"; };
		1BCCEF8D2930E30600A7FA86 /* Assets.xcassets */ = {isa = PBXFileReference; lastKnownFileType = folder.assetcatalog; path = Assets.xcassets; sourceTree = "<group>"; };
		1BCCEF902930E30600A7FA86 /* Base */ = {isa = PBXFileReference; lastKnownFileType = file.storyboard; name = Base; path = Base.lproj/LaunchScreen.storyboard; sourceTree = "<group>"; };
		1BCCEF922930E30600A7FA86 /* Info.plist */ = {isa = PBXFileReference; lastKnownFileType = text.plist.xml; path = Info.plist; sourceTree = "<group>"; };
		1BCCEF972930E30600A7FA86 /* skyPERTests.xctest */ = {isa = PBXFileReference; explicitFileType = wrapper.cfbundle; includeInIndex = 0; path = skyPERTests.xctest; sourceTree = BUILT_PRODUCTS_DIR; };
		1BCCEF9B2930E30600A7FA86 /* skyPERTests.swift */ = {isa = PBXFileReference; lastKnownFileType = sourcecode.swift; path = skyPERTests.swift; sourceTree = "<group>"; };
		1BCCEFA12930E30600A7FA86 /* skyPERUITests.xctest */ = {isa = PBXFileReference; explicitFileType = wrapper.cfbundle; includeInIndex = 0; path = skyPERUITests.xctest; sourceTree = BUILT_PRODUCTS_DIR; };
		1BCCEFA52930E30600A7FA86 /* skyPERUITests.swift */ = {isa = PBXFileReference; lastKnownFileType = sourcecode.swift; path = skyPERUITests.swift; sourceTree = "<group>"; };
		1BCCEFA72930E30600A7FA86 /* skyPERUITestsLaunchTests.swift */ = {isa = PBXFileReference; lastKnownFileType = sourcecode.swift; path = skyPERUITestsLaunchTests.swift; sourceTree = "<group>"; };
		1BCCEFB62933D69B00A7FA86 /* NomoModel.swift */ = {isa = PBXFileReference; lastKnownFileType = sourcecode.swift; path = NomoModel.swift; sourceTree = "<group>"; };
		1BCCEFBA2933DB6700A7FA86 /* NomoReader.swift */ = {isa = PBXFileReference; lastKnownFileType = sourcecode.swift; path = NomoReader.swift; sourceTree = "<group>"; };
		1BCCEFBC2934D90900A7FA86 /* 3.Elevation.json */ = {isa = PBXFileReference; fileEncoding = 4; lastKnownFileType = text.json; path = 3.Elevation.json; sourceTree = "<group>"; };
		1E4B047D299D6F4F00054B8B /* 627-1_v625.json */ = {isa = PBXFileReference; fileEncoding = 4; lastKnownFileType = text.json; path = "627-1_v625.json"; sourceTree = "<group>"; };
		1E4B0483299D72F800054B8B /* 628-1_v625.json */ = {isa = PBXFileReference; fileEncoding = 4; lastKnownFileType = text.json; path = "628-1_v625.json"; sourceTree = "<group>"; };
		1E4B0488299D768D00054B8B /* 628a-1_v625.json */ = {isa = PBXFileReference; fileEncoding = 4; lastKnownFileType = text.json; path = "628a-1_v625.json"; sourceTree = "<group>"; };
		1E4B0492299F5C7700054B8B /* 630-1_converted.json */ = {isa = PBXFileReference; fileEncoding = 4; lastKnownFileType = text.json; path = "630-1_converted.json"; sourceTree = "<group>"; };
		1E4B049629A0A8A100054B8B /* 630-2_converted.json */ = {isa = PBXFileReference; fileEncoding = 4; lastKnownFileType = text.json; path = "630-2_converted.json"; sourceTree = "<group>"; };
		1E4B049A29A0B0CA00054B8B /* 630-3_converted.json */ = {isa = PBXFileReference; fileEncoding = 4; lastKnownFileType = text.json; path = "630-3_converted.json"; sourceTree = "<group>"; };
		1E4B049C29A205A300054B8B /* apu_on_627_v625.json */ = {isa = PBXFileReference; lastKnownFileType = text.json; path = apu_on_627_v625.json; sourceTree = "<group>"; };
		1E4B04AA29A3F5AA00054B8B /* 627-3_v625.json */ = {isa = PBXFileReference; fileEncoding = 4; lastKnownFileType = text.json; path = "627-3_v625.json"; sourceTree = "<group>"; };
		1E4B04AC29A3F73700054B8B /* Sheet627.swift */ = {isa = PBXFileReference; lastKnownFileType = sourcecode.swift; path = Sheet627.swift; sourceTree = "<group>"; };
		1E4B04B029A53C1B00054B8B /* 627a-3_v625.json */ = {isa = PBXFileReference; fileEncoding = 4; lastKnownFileType = text.json; path = "627a-3_v625.json"; sourceTree = "<group>"; };
		1E4B04B229A53C8500054B8B /* Sheet627a.swift */ = {isa = PBXFileReference; lastKnownFileType = sourcecode.swift; path = Sheet627a.swift; sourceTree = "<group>"; };
		1E4B04B429A53E0700054B8B /* apu_on_628_v625.json */ = {isa = PBXFileReference; lastKnownFileType = text.json; path = apu_on_628_v625.json; sourceTree = "<group>"; };
		1E4B04B629A53FD600054B8B /* 628-3_v625.json */ = {isa = PBXFileReference; lastKnownFileType = text.json; path = "628-3_v625.json"; sourceTree = "<group>"; };
		1E4B04B829A541F200054B8B /* Sheet628.swift */ = {isa = PBXFileReference; lastKnownFileType = sourcecode.swift; path = Sheet628.swift; sourceTree = "<group>"; };
		1E4B04BC29A63B6800054B8B /* 628a-3_v625.json */ = {isa = PBXFileReference; fileEncoding = 4; lastKnownFileType = text.json; path = "628a-3_v625.json"; sourceTree = "<group>"; };
		1E4B04BE29A63E4800054B8B /* apu_on_628a_v625.json */ = {isa = PBXFileReference; lastKnownFileType = text.json; path = apu_on_628a_v625.json; sourceTree = "<group>"; };
		1E4B04C029A64D2000054B8B /* Sheet628a.swift */ = {isa = PBXFileReference; lastKnownFileType = sourcecode.swift; path = Sheet628a.swift; sourceTree = "<group>"; };
		1E4B04C229A73F2A00054B8B /* Sheet629.swift */ = {isa = PBXFileReference; lastKnownFileType = sourcecode.swift; path = Sheet629.swift; sourceTree = "<group>"; };
		1E4B04C629A74CF300054B8B /* 629-1_v625.json */ = {isa = PBXFileReference; fileEncoding = 4; lastKnownFileType = text.json; path = "629-1_v625.json"; sourceTree = "<group>"; };
		1E4B04CA29A753D700054B8B /* 629-3_v625.json */ = {isa = PBXFileReference; fileEncoding = 4; lastKnownFileType = text.json; path = "629-3_v625.json"; sourceTree = "<group>"; };
		1EA84EF229524F25000D2530 /* ViewController.swift */ = {isa = PBXFileReference; lastKnownFileType = sourcecode.swift; path = ViewController.swift; sourceTree = "<group>"; };
		1EA84F01296B3BED000D2530 /* Errors.swift */ = {isa = PBXFileReference; lastKnownFileType = sourcecode.swift; path = Errors.swift; sourceTree = "<group>"; };
		1EA84F03296B3C1B000D2530 /* Contracts.swift */ = {isa = PBXFileReference; lastKnownFileType = sourcecode.swift; path = Contracts.swift; sourceTree = "<group>"; };
		1EA84F05296B3C41000D2530 /* Types.swift */ = {isa = PBXFileReference; lastKnownFileType = sourcecode.swift; path = Types.swift; sourceTree = "<group>"; };
		1EA84F07296B3C6D000D2530 /* PolyNomogramPart.swift */ = {isa = PBXFileReference; lastKnownFileType = sourcecode.swift; path = PolyNomogramPart.swift; sourceTree = "<group>"; };
		1EA84F09296B3C98000D2530 /* SubractNomogramPart.swift */ = {isa = PBXFileReference; lastKnownFileType = sourcecode.swift; path = SubractNomogramPart.swift; sourceTree = "<group>"; };
		1EA84F0B2979DD13000D2530 /* apu_on_627a_v625.json */ = {isa = PBXFileReference; lastKnownFileType = text.json; path = apu_on_627a_v625.json; sourceTree = "<group>"; };
		1EA84F0D2979E51E000D2530 /* ShiftedLinePart.swift */ = {isa = PBXFileReference; lastKnownFileType = sourcecode.swift; path = ShiftedLinePart.swift; sourceTree = "<group>"; };
		1EA84F0F297B139B000D2530 /* Interpolator.swift */ = {isa = PBXFileReference; lastKnownFileType = sourcecode.swift; path = Interpolator.swift; sourceTree = "<group>"; };
		1EA84F5E299AD9B1000D2530 /* 627a-1_v625.json */ = {isa = PBXFileReference; lastKnownFileType = text.json; path = "627a-1_v625.json"; sourceTree = "<group>"; };
/* End PBXFileReference section */

/* Begin PBXFrameworksBuildPhase section */
		1BCCEF7B2930E30400A7FA86 /* Frameworks */ = {
			isa = PBXFrameworksBuildPhase;
			buildActionMask = 2147483647;
			files = (
			);
			runOnlyForDeploymentPostprocessing = 0;
		};
		1BCCEF942930E30600A7FA86 /* Frameworks */ = {
			isa = PBXFrameworksBuildPhase;
			buildActionMask = 2147483647;
			files = (
			);
			runOnlyForDeploymentPostprocessing = 0;
		};
		1BCCEF9E2930E30600A7FA86 /* Frameworks */ = {
			isa = PBXFrameworksBuildPhase;
			buildActionMask = 2147483647;
			files = (
			);
			runOnlyForDeploymentPostprocessing = 0;
		};
/* End PBXFrameworksBuildPhase section */

/* Begin PBXGroup section */
		1B921F0B294F33840071A042 /* 06.27 (V625) old dnt use */ = {
			isa = PBXGroup;
			children = (
				1B921F07294F33780071A042 /* 1.Bleed.json */,
				1B921F09294F337E0071A042 /* 2.APU.json */,
				1BCCEFBC2934D90900A7FA86 /* 3.Elevation.json */,
			);
			path = "06.27 (V625) old dnt use";
			sourceTree = "<group>";
		};
		1B921F0C294FA5DE0071A042 /* Views */ = {
			isa = PBXGroup;
			children = (
				1BCCEF872930E30400A7FA86 /* Main.storyboard */,
				1BCCEF8F2930E30600A7FA86 /* LaunchScreen.storyboard */,
			);
			path = Views;
			sourceTree = "<group>";
		};
		1BCCEF752930E30400A7FA86 = {
			isa = PBXGroup;
			children = (
				1BCCEF802930E30400A7FA86 /* skyPER */,
				1BCCEF9A2930E30600A7FA86 /* skyPERTests */,
				1BCCEFA42930E30600A7FA86 /* skyPERUITests */,
				1BCCEF7F2930E30400A7FA86 /* Products */,
			);
			sourceTree = "<group>";
		};
		1BCCEF7F2930E30400A7FA86 /* Products */ = {
			isa = PBXGroup;
			children = (
				1BCCEF7E2930E30400A7FA86 /* skyPER.app */,
				1BCCEF972930E30600A7FA86 /* skyPERTests.xctest */,
				1BCCEFA12930E30600A7FA86 /* skyPERUITests.xctest */,
			);
			name = Products;
			sourceTree = "<group>";
		};
		1BCCEF802930E30400A7FA86 /* skyPER */ = {
			isa = PBXGroup;
			children = (
				1EA84F00296B3AB2000D2530 /* NomogramClasses */,
				1BCCEF812930E30400A7FA86 /* AppDelegate.swift */,
				1BCCEF832930E30400A7FA86 /* SceneDelegate.swift */,
				1EA84EF229524F25000D2530 /* ViewController.swift */,
				1E4B047C299D6F3D00054B8B /* 627 */,
				1E4B0480299D6F9D00054B8B /* 627a */,
				1B921F0B294F33840071A042 /* 06.27 (V625) old dnt use */,
				1E4B047F299D6F8300054B8B /* 628 */,
				1E4B0487299D767600054B8B /* 628a */,
				1E4B048A299D76BF00054B8B /* 629 */,
				1E4B0491299F5C5700054B8B /* 630 */,
				1B921F0C294FA5DE0071A042 /* Views */,
				1BCCEF922930E30600A7FA86 /* Info.plist */,
				1BCCEF8D2930E30600A7FA86 /* Assets.xcassets */,
				1BCCEF8A2930E30400A7FA86 /* skyPER.xcdatamodeld */,
			);
			path = skyPER;
			sourceTree = "<group>";
		};
		1BCCEF9A2930E30600A7FA86 /* skyPERTests */ = {
			isa = PBXGroup;
			children = (
				1BCCEF9B2930E30600A7FA86 /* skyPERTests.swift */,
			);
			path = skyPERTests;
			sourceTree = "<group>";
		};
		1BCCEFA42930E30600A7FA86 /* skyPERUITests */ = {
			isa = PBXGroup;
			children = (
				1BCCEFA52930E30600A7FA86 /* skyPERUITests.swift */,
				1BCCEFA72930E30600A7FA86 /* skyPERUITestsLaunchTests.swift */,
			);
			path = skyPERUITests;
			sourceTree = "<group>";
		};
		1E4B047C299D6F3D00054B8B /* 627 */ = {
			isa = PBXGroup;
			children = (
				1E4B04AA29A3F5AA00054B8B /* 627-3_v625.json */,
				1E4B047D299D6F4F00054B8B /* 627-1_v625.json */,
				1E4B049C29A205A300054B8B /* apu_on_627_v625.json */,
				1E4B04AC29A3F73700054B8B /* Sheet627.swift */,
			);
			path = 627;
			sourceTree = "<group>";
		};
		1E4B047F299D6F8300054B8B /* 628 */ = {
			isa = PBXGroup;
			children = (
				1E4B0483299D72F800054B8B /* 628-1_v625.json */,
				1E4B04B429A53E0700054B8B /* apu_on_628_v625.json */,
				1E4B04B629A53FD600054B8B /* 628-3_v625.json */,
				1E4B04B829A541F200054B8B /* Sheet628.swift */,
			);
			path = 628;
			sourceTree = "<group>";
		};
		1E4B0480299D6F9D00054B8B /* 627a */ = {
			isa = PBXGroup;
			children = (
				1EA84F0B2979DD13000D2530 /* apu_on_627a_v625.json */,
				1E4B04B029A53C1B00054B8B /* 627a-3_v625.json */,
				1EA84F5E299AD9B1000D2530 /* 627a-1_v625.json */,
				1E4B04B229A53C8500054B8B /* Sheet627a.swift */,
			);
			path = 627a;
			sourceTree = "<group>";
		};
		1E4B0487299D767600054B8B /* 628a */ = {
			isa = PBXGroup;
			children = (
				1E4B0488299D768D00054B8B /* 628a-1_v625.json */,
				1E4B04BC29A63B6800054B8B /* 628a-3_v625.json */,
				1E4B04BE29A63E4800054B8B /* apu_on_628a_v625.json */,
				1E4B04C029A64D2000054B8B /* Sheet628a.swift */,
			);
			path = 628a;
			sourceTree = "<group>";
		};
		1E4B048A299D76BF00054B8B /* 629 */ = {
			isa = PBXGroup;
			children = (
				1E4B04C629A74CF300054B8B /* 629-1_v625.json */,
				1E4B04CA29A753D700054B8B /* 629-3_v625.json */,
				1E4B04C229A73F2A00054B8B /* Sheet629.swift */,
			);
			path = 629;
			sourceTree = "<group>";
		};
		1E4B0491299F5C5700054B8B /* 630 */ = {
			isa = PBXGroup;
			children = (
				1E4B0492299F5C7700054B8B /* 630-1_converted.json */,
				1E4B049629A0A8A100054B8B /* 630-2_converted.json */,
				1E4B049A29A0B0CA00054B8B /* 630-3_converted.json */,
			);
			path = 630;
			sourceTree = "<group>";
		};
		1EA84F00296B3AB2000D2530 /* NomogramClasses */ = {
			isa = PBXGroup;
			children = (
				1EA84F01296B3BED000D2530 /* Errors.swift */,
				1EA84F03296B3C1B000D2530 /* Contracts.swift */,
				1EA84F05296B3C41000D2530 /* Types.swift */,
				1BCCEFB62933D69B00A7FA86 /* NomoModel.swift */,
				1EA84F07296B3C6D000D2530 /* PolyNomogramPart.swift */,
				1EA84F09296B3C98000D2530 /* SubractNomogramPart.swift */,
				1BCCEFBA2933DB6700A7FA86 /* NomoReader.swift */,
				1EA84F0D2979E51E000D2530 /* ShiftedLinePart.swift */,
				1EA84F0F297B139B000D2530 /* Interpolator.swift */,
			);
			path = NomogramClasses;
			sourceTree = "<group>";
		};
/* End PBXGroup section */

/* Begin PBXNativeTarget section */
		1BCCEF7D2930E30400A7FA86 /* skyPER */ = {
			isa = PBXNativeTarget;
			buildConfigurationList = 1BCCEFAB2930E30600A7FA86 /* Build configuration list for PBXNativeTarget "skyPER" */;
			buildPhases = (
				1BCCEF7A2930E30400A7FA86 /* Sources */,
				1BCCEF7B2930E30400A7FA86 /* Frameworks */,
				1BCCEF7C2930E30400A7FA86 /* Resources */,
			);
			buildRules = (
			);
			dependencies = (
			);
			name = skyPER;
			productName = skyPER;
			productReference = 1BCCEF7E2930E30400A7FA86 /* skyPER.app */;
			productType = "com.apple.product-type.application";
		};
		1BCCEF962930E30600A7FA86 /* skyPERTests */ = {
			isa = PBXNativeTarget;
			buildConfigurationList = 1BCCEFAE2930E30600A7FA86 /* Build configuration list for PBXNativeTarget "skyPERTests" */;
			buildPhases = (
				1BCCEF932930E30600A7FA86 /* Sources */,
				1BCCEF942930E30600A7FA86 /* Frameworks */,
				1BCCEF952930E30600A7FA86 /* Resources */,
			);
			buildRules = (
			);
			dependencies = (
				1BCCEF992930E30600A7FA86 /* PBXTargetDependency */,
			);
			name = skyPERTests;
			productName = skyPERTests;
			productReference = 1BCCEF972930E30600A7FA86 /* skyPERTests.xctest */;
			productType = "com.apple.product-type.bundle.unit-test";
		};
		1BCCEFA02930E30600A7FA86 /* skyPERUITests */ = {
			isa = PBXNativeTarget;
			buildConfigurationList = 1BCCEFB12930E30600A7FA86 /* Build configuration list for PBXNativeTarget "skyPERUITests" */;
			buildPhases = (
				1BCCEF9D2930E30600A7FA86 /* Sources */,
				1BCCEF9E2930E30600A7FA86 /* Frameworks */,
				1BCCEF9F2930E30600A7FA86 /* Resources */,
			);
			buildRules = (
			);
			dependencies = (
				1BCCEFA32930E30600A7FA86 /* PBXTargetDependency */,
			);
			name = skyPERUITests;
			productName = skyPERUITests;
			productReference = 1BCCEFA12930E30600A7FA86 /* skyPERUITests.xctest */;
			productType = "com.apple.product-type.bundle.ui-testing";
		};
/* End PBXNativeTarget section */

/* Begin PBXProject section */
		1BCCEF762930E30400A7FA86 /* Project object */ = {
			isa = PBXProject;
			attributes = {
				BuildIndependentTargetsInParallel = 1;
				LastSwiftUpdateCheck = 1400;
				LastUpgradeCheck = 1400;
				TargetAttributes = {
					1BCCEF7D2930E30400A7FA86 = {
						CreatedOnToolsVersion = 14.0.1;
					};
					1BCCEF962930E30600A7FA86 = {
						CreatedOnToolsVersion = 14.0.1;
						TestTargetID = 1BCCEF7D2930E30400A7FA86;
					};
					1BCCEFA02930E30600A7FA86 = {
						CreatedOnToolsVersion = 14.0.1;
						TestTargetID = 1BCCEF7D2930E30400A7FA86;
					};
				};
			};
			buildConfigurationList = 1BCCEF792930E30400A7FA86 /* Build configuration list for PBXProject "skyPER" */;
			compatibilityVersion = "Xcode 14.0";
			developmentRegion = en;
			hasScannedForEncodings = 0;
			knownRegions = (
				en,
				Base,
			);
			mainGroup = 1BCCEF752930E30400A7FA86;
			productRefGroup = 1BCCEF7F2930E30400A7FA86 /* Products */;
			projectDirPath = "";
			projectRoot = "";
			targets = (
				1BCCEF7D2930E30400A7FA86 /* skyPER */,
				1BCCEF962930E30600A7FA86 /* skyPERTests */,
				1BCCEFA02930E30600A7FA86 /* skyPERUITests */,
			);
		};
/* End PBXProject section */

/* Begin PBXResourcesBuildPhase section */
		1BCCEF7C2930E30400A7FA86 /* Resources */ = {
			isa = PBXResourcesBuildPhase;
			buildActionMask = 2147483647;
			files = (
				1E4B04CB29A753D700054B8B /* 629-3_v625.json in Resources */,
				1E4B049B29A0B0CA00054B8B /* 630-3_converted.json in Resources */,
				1E4B04B729A53FD600054B8B /* 628-3_v625.json in Resources */,
				1E4B049729A0A8A100054B8B /* 630-2_converted.json in Resources */,
				1E4B0493299F5C7700054B8B /* 630-1_converted.json in Resources */,
				1EA84F0C2979DD13000D2530 /* apu_on_627a_v625.json in Resources */,
				1E4B0489299D768D00054B8B /* 628a-1_v625.json in Resources */,
				1BCCEF912930E30600A7FA86 /* LaunchScreen.storyboard in Resources */,
				1E4B0484299D72F800054B8B /* 628-1_v625.json in Resources */,
				1E4B047E299D6F4F00054B8B /* 627-1_v625.json in Resources */,
				1BCCEFBD2934D90900A7FA86 /* 3.Elevation.json in Resources */,
				1E4B04BF29A63E4800054B8B /* apu_on_628a_v625.json in Resources */,
				1EA84F5F299ADBCB000D2530 /* 627a-1_v625.json in Resources */,
				1E4B04BD29A63B6800054B8B /* 628a-3_v625.json in Resources */,
				1B921F0A294F337E0071A042 /* 2.APU.json in Resources */,
				1E4B04B529A53E0700054B8B /* apu_on_628_v625.json in Resources */,
				1BCCEF8E2930E30600A7FA86 /* Assets.xcassets in Resources */,
				1BCCEF892930E30400A7FA86 /* Main.storyboard in Resources */,
				1E4B049D29A205A300054B8B /* apu_on_627_v625.json in Resources */,
				1E4B04C729A74CF300054B8B /* 629-1_v625.json in Resources */,
				1E4B04B129A53C1C00054B8B /* 627a-3_v625.json in Resources */,
				1B921F08294F33780071A042 /* 1.Bleed.json in Resources */,
				1E4B04AB29A3F5AA00054B8B /* 627-3_v625.json in Resources */,
			);
			runOnlyForDeploymentPostprocessing = 0;
		};
		1BCCEF952930E30600A7FA86 /* Resources */ = {
			isa = PBXResourcesBuildPhase;
			buildActionMask = 2147483647;
			files = (
			);
			runOnlyForDeploymentPostprocessing = 0;
		};
		1BCCEF9F2930E30600A7FA86 /* Resources */ = {
			isa = PBXResourcesBuildPhase;
			buildActionMask = 2147483647;
			files = (
			);
			runOnlyForDeploymentPostprocessing = 0;
		};
/* End PBXResourcesBuildPhase section */

/* Begin PBXSourcesBuildPhase section */
		1BCCEF7A2930E30400A7FA86 /* Sources */ = {
			isa = PBXSourcesBuildPhase;
			buildActionMask = 2147483647;
			files = (
				1BCCEF8C2930E30400A7FA86 /* skyPER.xcdatamodeld in Sources */,
				1EA84F0A296B3C98000D2530 /* SubractNomogramPart.swift in Sources */,
				1E4B04B929A541F200054B8B /* Sheet628.swift in Sources */,
				1EA84F0E2979E51E000D2530 /* ShiftedLinePart.swift in Sources */,
				1BCCEF822930E30400A7FA86 /* AppDelegate.swift in Sources */,
				1EA84F06296B3C41000D2530 /* Types.swift in Sources */,
				1E4B04AD29A3F73700054B8B /* Sheet627.swift in Sources */,
				1EA84F10297B139B000D2530 /* Interpolator.swift in Sources */,
				1EA84F08296B3C6D000D2530 /* PolyNomogramPart.swift in Sources */,
				1E4B04C329A73F2A00054B8B /* Sheet629.swift in Sources */,
				1EA84EF329524F25000D2530 /* ViewController.swift in Sources */,
				1EA84F04296B3C1B000D2530 /* Contracts.swift in Sources */,
				1BCCEF842930E30400A7FA86 /* SceneDelegate.swift in Sources */,
				1BCCEFB72933D69B00A7FA86 /* NomoModel.swift in Sources */,
				1E4B04C129A64D2000054B8B /* Sheet628a.swift in Sources */,
				1BCCEFBB2933DB6700A7FA86 /* NomoReader.swift in Sources */,
				1EA84F02296B3BED000D2530 /* Errors.swift in Sources */,
				1E4B04B329A53C8500054B8B /* Sheet627a.swift in Sources */,
			);
			runOnlyForDeploymentPostprocessing = 0;
		};
		1BCCEF932930E30600A7FA86 /* Sources */ = {
			isa = PBXSourcesBuildPhase;
			buildActionMask = 2147483647;
			files = (
				1BCCEF9C2930E30600A7FA86 /* skyPERTests.swift in Sources */,
			);
			runOnlyForDeploymentPostprocessing = 0;
		};
		1BCCEF9D2930E30600A7FA86 /* Sources */ = {
			isa = PBXSourcesBuildPhase;
			buildActionMask = 2147483647;
			files = (
				1BCCEFA82930E30600A7FA86 /* skyPERUITestsLaunchTests.swift in Sources */,
				1BCCEFA62930E30600A7FA86 /* skyPERUITests.swift in Sources */,
			);
			runOnlyForDeploymentPostprocessing = 0;
		};
/* End PBXSourcesBuildPhase section */

/* Begin PBXTargetDependency section */
		1BCCEF992930E30600A7FA86 /* PBXTargetDependency */ = {
			isa = PBXTargetDependency;
			target = 1BCCEF7D2930E30400A7FA86 /* skyPER */;
			targetProxy = 1BCCEF982930E30600A7FA86 /* PBXContainerItemProxy */;
		};
		1BCCEFA32930E30600A7FA86 /* PBXTargetDependency */ = {
			isa = PBXTargetDependency;
			target = 1BCCEF7D2930E30400A7FA86 /* skyPER */;
			targetProxy = 1BCCEFA22930E30600A7FA86 /* PBXContainerItemProxy */;
		};
/* End PBXTargetDependency section */

/* Begin PBXVariantGroup section */
		1BCCEF872930E30400A7FA86 /* Main.storyboard */ = {
			isa = PBXVariantGroup;
			children = (
				1BCCEF882930E30400A7FA86 /* Base */,
			);
			name = Main.storyboard;
			sourceTree = "<group>";
		};
		1BCCEF8F2930E30600A7FA86 /* LaunchScreen.storyboard */ = {
			isa = PBXVariantGroup;
			children = (
				1BCCEF902930E30600A7FA86 /* Base */,
			);
			name = LaunchScreen.storyboard;
			sourceTree = "<group>";
		};
/* End PBXVariantGroup section */

/* Begin XCBuildConfiguration section */
		1BCCEFA92930E30600A7FA86 /* Debug */ = {
			isa = XCBuildConfiguration;
			buildSettings = {
				ALWAYS_SEARCH_USER_PATHS = NO;
				CLANG_ANALYZER_NONNULL = YES;
				CLANG_ANALYZER_NUMBER_OBJECT_CONVERSION = YES_AGGRESSIVE;
				CLANG_CXX_LANGUAGE_STANDARD = "gnu++20";
				CLANG_ENABLE_MODULES = YES;
				CLANG_ENABLE_OBJC_ARC = YES;
				CLANG_ENABLE_OBJC_WEAK = YES;
				CLANG_WARN_BLOCK_CAPTURE_AUTORELEASING = YES;
				CLANG_WARN_BOOL_CONVERSION = YES;
				CLANG_WARN_COMMA = YES;
				CLANG_WARN_CONSTANT_CONVERSION = YES;
				CLANG_WARN_DEPRECATED_OBJC_IMPLEMENTATIONS = YES;
				CLANG_WARN_DIRECT_OBJC_ISA_USAGE = YES_ERROR;
				CLANG_WARN_DOCUMENTATION_COMMENTS = YES;
				CLANG_WARN_EMPTY_BODY = YES;
				CLANG_WARN_ENUM_CONVERSION = YES;
				CLANG_WARN_INFINITE_RECURSION = YES;
				CLANG_WARN_INT_CONVERSION = YES;
				CLANG_WARN_NON_LITERAL_NULL_CONVERSION = YES;
				CLANG_WARN_OBJC_IMPLICIT_RETAIN_SELF = YES;
				CLANG_WARN_OBJC_LITERAL_CONVERSION = YES;
				CLANG_WARN_OBJC_ROOT_CLASS = YES_ERROR;
				CLANG_WARN_QUOTED_INCLUDE_IN_FRAMEWORK_HEADER = YES;
				CLANG_WARN_RANGE_LOOP_ANALYSIS = YES;
				CLANG_WARN_STRICT_PROTOTYPES = YES;
				CLANG_WARN_SUSPICIOUS_MOVE = YES;
				CLANG_WARN_UNGUARDED_AVAILABILITY = YES_AGGRESSIVE;
				CLANG_WARN_UNREACHABLE_CODE = YES;
				CLANG_WARN__DUPLICATE_METHOD_MATCH = YES;
				COPY_PHASE_STRIP = NO;
				DEBUG_INFORMATION_FORMAT = dwarf;
				ENABLE_STRICT_OBJC_MSGSEND = YES;
				ENABLE_TESTABILITY = YES;
				GCC_C_LANGUAGE_STANDARD = gnu11;
				GCC_DYNAMIC_NO_PIC = NO;
				GCC_NO_COMMON_BLOCKS = YES;
				GCC_OPTIMIZATION_LEVEL = 0;
				GCC_PREPROCESSOR_DEFINITIONS = (
					"DEBUG=1",
					"$(inherited)",
				);
				GCC_WARN_64_TO_32_BIT_CONVERSION = YES;
				GCC_WARN_ABOUT_RETURN_TYPE = YES_ERROR;
				GCC_WARN_UNDECLARED_SELECTOR = YES;
				GCC_WARN_UNINITIALIZED_AUTOS = YES_AGGRESSIVE;
				GCC_WARN_UNUSED_FUNCTION = YES;
				GCC_WARN_UNUSED_VARIABLE = YES;
				IPHONEOS_DEPLOYMENT_TARGET = 16.0;
				MTL_ENABLE_DEBUG_INFO = INCLUDE_SOURCE;
				MTL_FAST_MATH = YES;
				ONLY_ACTIVE_ARCH = YES;
				SDKROOT = iphoneos;
				SWIFT_ACTIVE_COMPILATION_CONDITIONS = DEBUG;
				SWIFT_OPTIMIZATION_LEVEL = "-Onone";
			};
			name = Debug;
		};
		1BCCEFAA2930E30600A7FA86 /* Release */ = {
			isa = XCBuildConfiguration;
			buildSettings = {
				ALWAYS_SEARCH_USER_PATHS = NO;
				CLANG_ANALYZER_NONNULL = YES;
				CLANG_ANALYZER_NUMBER_OBJECT_CONVERSION = YES_AGGRESSIVE;
				CLANG_CXX_LANGUAGE_STANDARD = "gnu++20";
				CLANG_ENABLE_MODULES = YES;
				CLANG_ENABLE_OBJC_ARC = YES;
				CLANG_ENABLE_OBJC_WEAK = YES;
				CLANG_WARN_BLOCK_CAPTURE_AUTORELEASING = YES;
				CLANG_WARN_BOOL_CONVERSION = YES;
				CLANG_WARN_COMMA = YES;
				CLANG_WARN_CONSTANT_CONVERSION = YES;
				CLANG_WARN_DEPRECATED_OBJC_IMPLEMENTATIONS = YES;
				CLANG_WARN_DIRECT_OBJC_ISA_USAGE = YES_ERROR;
				CLANG_WARN_DOCUMENTATION_COMMENTS = YES;
				CLANG_WARN_EMPTY_BODY = YES;
				CLANG_WARN_ENUM_CONVERSION = YES;
				CLANG_WARN_INFINITE_RECURSION = YES;
				CLANG_WARN_INT_CONVERSION = YES;
				CLANG_WARN_NON_LITERAL_NULL_CONVERSION = YES;
				CLANG_WARN_OBJC_IMPLICIT_RETAIN_SELF = YES;
				CLANG_WARN_OBJC_LITERAL_CONVERSION = YES;
				CLANG_WARN_OBJC_ROOT_CLASS = YES_ERROR;
				CLANG_WARN_QUOTED_INCLUDE_IN_FRAMEWORK_HEADER = YES;
				CLANG_WARN_RANGE_LOOP_ANALYSIS = YES;
				CLANG_WARN_STRICT_PROTOTYPES = YES;
				CLANG_WARN_SUSPICIOUS_MOVE = YES;
				CLANG_WARN_UNGUARDED_AVAILABILITY = YES_AGGRESSIVE;
				CLANG_WARN_UNREACHABLE_CODE = YES;
				CLANG_WARN__DUPLICATE_METHOD_MATCH = YES;
				COPY_PHASE_STRIP = NO;
				DEBUG_INFORMATION_FORMAT = "dwarf-with-dsym";
				ENABLE_NS_ASSERTIONS = NO;
				ENABLE_STRICT_OBJC_MSGSEND = YES;
				GCC_C_LANGUAGE_STANDARD = gnu11;
				GCC_NO_COMMON_BLOCKS = YES;
				GCC_WARN_64_TO_32_BIT_CONVERSION = YES;
				GCC_WARN_ABOUT_RETURN_TYPE = YES_ERROR;
				GCC_WARN_UNDECLARED_SELECTOR = YES;
				GCC_WARN_UNINITIALIZED_AUTOS = YES_AGGRESSIVE;
				GCC_WARN_UNUSED_FUNCTION = YES;
				GCC_WARN_UNUSED_VARIABLE = YES;
				IPHONEOS_DEPLOYMENT_TARGET = 16.0;
				MTL_ENABLE_DEBUG_INFO = NO;
				MTL_FAST_MATH = YES;
				SDKROOT = iphoneos;
				SWIFT_COMPILATION_MODE = wholemodule;
				SWIFT_OPTIMIZATION_LEVEL = "-O";
				VALIDATE_PRODUCT = YES;
			};
			name = Release;
		};
		1BCCEFAC2930E30600A7FA86 /* Debug */ = {
			isa = XCBuildConfiguration;
			buildSettings = {
				ASSETCATALOG_COMPILER_APPICON_NAME = AppIcon;
				ASSETCATALOG_COMPILER_GLOBAL_ACCENT_COLOR_NAME = AccentColor;
				CODE_SIGN_STYLE = Automatic;
				CURRENT_PROJECT_VERSION = 1;
				DEVELOPMENT_TEAM = 4ULB78NMH6;
				GENERATE_INFOPLIST_FILE = YES;
				INFOPLIST_FILE = skyPER/Info.plist;
				INFOPLIST_KEY_UIApplicationSupportsIndirectInputEvents = YES;
				INFOPLIST_KEY_UILaunchStoryboardName = LaunchScreen;
				INFOPLIST_KEY_UIMainStoryboardFile = Main;
				INFOPLIST_KEY_UISupportedInterfaceOrientations_iPad = "UIInterfaceOrientationPortrait UIInterfaceOrientationPortraitUpsideDown UIInterfaceOrientationLandscapeLeft UIInterfaceOrientationLandscapeRight";
				INFOPLIST_KEY_UISupportedInterfaceOrientations_iPhone = "UIInterfaceOrientationPortrait UIInterfaceOrientationLandscapeLeft UIInterfaceOrientationLandscapeRight";
				IPHONEOS_DEPLOYMENT_TARGET = 15.0;
				LD_RUNPATH_SEARCH_PATHS = (
					"$(inherited)",
					"@executable_path/Frameworks",
				);
				MARKETING_VERSION = 1.0;
				PRODUCT_BUNDLE_IDENTIFIER = ANGA.skyPER;
				PRODUCT_NAME = "$(TARGET_NAME)";
				SWIFT_EMIT_LOC_STRINGS = YES;
				SWIFT_VERSION = 5.0;
				TARGETED_DEVICE_FAMILY = "1,2";
			};
			name = Debug;
		};
		1BCCEFAD2930E30600A7FA86 /* Release */ = {
			isa = XCBuildConfiguration;
			buildSettings = {
				ASSETCATALOG_COMPILER_APPICON_NAME = AppIcon;
				ASSETCATALOG_COMPILER_GLOBAL_ACCENT_COLOR_NAME = AccentColor;
				CODE_SIGN_STYLE = Automatic;
				CURRENT_PROJECT_VERSION = 1;
				DEVELOPMENT_TEAM = 4ULB78NMH6;
				GENERATE_INFOPLIST_FILE = YES;
				INFOPLIST_FILE = skyPER/Info.plist;
				INFOPLIST_KEY_UIApplicationSupportsIndirectInputEvents = YES;
				INFOPLIST_KEY_UILaunchStoryboardName = LaunchScreen;
				INFOPLIST_KEY_UIMainStoryboardFile = Main;
				INFOPLIST_KEY_UISupportedInterfaceOrientations_iPad = "UIInterfaceOrientationPortrait UIInterfaceOrientationPortraitUpsideDown UIInterfaceOrientationLandscapeLeft UIInterfaceOrientationLandscapeRight";
				INFOPLIST_KEY_UISupportedInterfaceOrientations_iPhone = "UIInterfaceOrientationPortrait UIInterfaceOrientationLandscapeLeft UIInterfaceOrientationLandscapeRight";
				IPHONEOS_DEPLOYMENT_TARGET = 15.0;
				LD_RUNPATH_SEARCH_PATHS = (
					"$(inherited)",
					"@executable_path/Frameworks",
				);
				MARKETING_VERSION = 1.0;
				PRODUCT_BUNDLE_IDENTIFIER = ANGA.skyPER;
				PRODUCT_NAME = "$(TARGET_NAME)";
				SWIFT_EMIT_LOC_STRINGS = YES;
				SWIFT_VERSION = 5.0;
				TARGETED_DEVICE_FAMILY = "1,2";
			};
			name = Release;
		};
		1BCCEFAF2930E30600A7FA86 /* Debug */ = {
			isa = XCBuildConfiguration;
			buildSettings = {
				ALWAYS_EMBED_SWIFT_STANDARD_LIBRARIES = YES;
				BUNDLE_LOADER = "$(TEST_HOST)";
				CODE_SIGN_STYLE = Automatic;
				CURRENT_PROJECT_VERSION = 1;
				DEVELOPMENT_TEAM = 4ULB78NMH6;
				GENERATE_INFOPLIST_FILE = YES;
				IPHONEOS_DEPLOYMENT_TARGET = 16.0;
				MARKETING_VERSION = 1.0;
				PRODUCT_BUNDLE_IDENTIFIER = ANGA.skyPERTests;
				PRODUCT_NAME = "$(TARGET_NAME)";
				SWIFT_EMIT_LOC_STRINGS = NO;
				SWIFT_VERSION = 5.0;
				TARGETED_DEVICE_FAMILY = "1,2";
				TEST_HOST = "$(BUILT_PRODUCTS_DIR)/skyPER.app/$(BUNDLE_EXECUTABLE_FOLDER_PATH)/skyPER";
			};
			name = Debug;
		};
		1BCCEFB02930E30600A7FA86 /* Release */ = {
			isa = XCBuildConfiguration;
			buildSettings = {
				ALWAYS_EMBED_SWIFT_STANDARD_LIBRARIES = YES;
				BUNDLE_LOADER = "$(TEST_HOST)";
				CODE_SIGN_STYLE = Automatic;
				CURRENT_PROJECT_VERSION = 1;
				DEVELOPMENT_TEAM = 4ULB78NMH6;
				GENERATE_INFOPLIST_FILE = YES;
				IPHONEOS_DEPLOYMENT_TARGET = 16.0;
				MARKETING_VERSION = 1.0;
				PRODUCT_BUNDLE_IDENTIFIER = ANGA.skyPERTests;
				PRODUCT_NAME = "$(TARGET_NAME)";
				SWIFT_EMIT_LOC_STRINGS = NO;
				SWIFT_VERSION = 5.0;
				TARGETED_DEVICE_FAMILY = "1,2";
				TEST_HOST = "$(BUILT_PRODUCTS_DIR)/skyPER.app/$(BUNDLE_EXECUTABLE_FOLDER_PATH)/skyPER";
			};
			name = Release;
		};
		1BCCEFB22930E30600A7FA86 /* Debug */ = {
			isa = XCBuildConfiguration;
			buildSettings = {
				ALWAYS_EMBED_SWIFT_STANDARD_LIBRARIES = YES;
				CODE_SIGN_STYLE = Automatic;
				CURRENT_PROJECT_VERSION = 1;
				DEVELOPMENT_TEAM = 4ULB78NMH6;
				GENERATE_INFOPLIST_FILE = YES;
				MARKETING_VERSION = 1.0;
				PRODUCT_BUNDLE_IDENTIFIER = ANGA.skyPERUITests;
				PRODUCT_NAME = "$(TARGET_NAME)";
				SWIFT_EMIT_LOC_STRINGS = NO;
				SWIFT_VERSION = 5.0;
				TARGETED_DEVICE_FAMILY = "1,2";
				TEST_TARGET_NAME = skyPER;
			};
			name = Debug;
		};
		1BCCEFB32930E30600A7FA86 /* Release */ = {
			isa = XCBuildConfiguration;
			buildSettings = {
				ALWAYS_EMBED_SWIFT_STANDARD_LIBRARIES = YES;
				CODE_SIGN_STYLE = Automatic;
				CURRENT_PROJECT_VERSION = 1;
				DEVELOPMENT_TEAM = 4ULB78NMH6;
				GENERATE_INFOPLIST_FILE = YES;
				MARKETING_VERSION = 1.0;
				PRODUCT_BUNDLE_IDENTIFIER = ANGA.skyPERUITests;
				PRODUCT_NAME = "$(TARGET_NAME)";
				SWIFT_EMIT_LOC_STRINGS = NO;
				SWIFT_VERSION = 5.0;
				TARGETED_DEVICE_FAMILY = "1,2";
				TEST_TARGET_NAME = skyPER;
			};
			name = Release;
		};
/* End XCBuildConfiguration section */

/* Begin XCConfigurationList section */
		1BCCEF792930E30400A7FA86 /* Build configuration list for PBXProject "skyPER" */ = {
			isa = XCConfigurationList;
			buildConfigurations = (
				1BCCEFA92930E30600A7FA86 /* Debug */,
				1BCCEFAA2930E30600A7FA86 /* Release */,
			);
			defaultConfigurationIsVisible = 0;
			defaultConfigurationName = Release;
		};
		1BCCEFAB2930E30600A7FA86 /* Build configuration list for PBXNativeTarget "skyPER" */ = {
			isa = XCConfigurationList;
			buildConfigurations = (
				1BCCEFAC2930E30600A7FA86 /* Debug */,
				1BCCEFAD2930E30600A7FA86 /* Release */,
			);
			defaultConfigurationIsVisible = 0;
			defaultConfigurationName = Release;
		};
		1BCCEFAE2930E30600A7FA86 /* Build configuration list for PBXNativeTarget "skyPERTests" */ = {
			isa = XCConfigurationList;
			buildConfigurations = (
				1BCCEFAF2930E30600A7FA86 /* Debug */,
				1BCCEFB02930E30600A7FA86 /* Release */,
			);
			defaultConfigurationIsVisible = 0;
			defaultConfigurationName = Release;
		};
		1BCCEFB12930E30600A7FA86 /* Build configuration list for PBXNativeTarget "skyPERUITests" */ = {
			isa = XCConfigurationList;
			buildConfigurations = (
				1BCCEFB22930E30600A7FA86 /* Debug */,
				1BCCEFB32930E30600A7FA86 /* Release */,
			);
			defaultConfigurationIsVisible = 0;
			defaultConfigurationName = Release;
		};
/* End XCConfigurationList section */

/* Begin XCVersionGroup section */
		1BCCEF8A2930E30400A7FA86 /* skyPER.xcdatamodeld */ = {
			isa = XCVersionGroup;
			children = (
				1BCCEF8B2930E30400A7FA86 /* skyPER.xcdatamodel */,
			);
			currentVersion = 1BCCEF8B2930E30400A7FA86 /* skyPER.xcdatamodel */;
			path = skyPER.xcdatamodeld;
			sourceTree = "<group>";
			versionGroupType = wrapper.xcdatamodel;
		};
/* End XCVersionGroup section */
	};
	rootObject = 1BCCEF762930E30400A7FA86 /* Project object */;
}
